
Microsoft Visual Studio Solution File, Format Version 12.00
# Visual Studio Version 16
VisualStudioVersion = 16.0.31112.23
MinimumVisualStudioVersion = 10.0.40219.1
Project("{FAE04EC0-301F-11D3-BF4B-00C04F79EFBC}") = "DesignPattern_Bridge", "DesignPattern_Bridge\DesignPattern_Bridge.csproj", "{D221F0EC-F71A-4410-8BCD-709A11A8FED6}"
EndProject
Global
	GlobalSection(SolutionConfigurationPlatforms) = preSolution
		Debug|Any CPU = Debug|Any CPU
		Release|Any CPU = Release|Any CPU
	EndGlobalSection
	GlobalSection(ProjectConfigurationPlatforms) = postSolution
		{D221F0EC-F71A-4410-8BCD-709A11A8FED6}.Debug|Any CPU.ActiveCfg = Debug|Any CPU
		{D221F0EC-F71A-4410-8BCD-709A11A8FED6}.Debug|Any CPU.Build.0 = Debug|Any CPU
		{D221F0EC-F71A-4410-8BCD-709A11A8FED6}.Release|Any CPU.ActiveCfg = Release|Any CPU
		{D221F0EC-F71A-4410-8BCD-709A11A8FED6}.Release|Any CPU.Build.0 = Release|Any CPU
	EndGlobalSection
	GlobalSection(SolutionProperties) = preSolution
		HideSolutionNode = FALSE
	EndGlobalSection
	GlobalSection(ExtensibilityGlobals) = postSolution
		SolutionGuid = {DF803F00-7A3D-4C93-AB08-9DAFCCA153F7}
	EndGlobalSection
EndGlobal
